// !$*UTF8*$!
{
	archiveVersion = 1;
	classes = {
	};
	objectVersion = 48;
	objects = {

/* Begin PBXBuildFile section */
		38B56DC11FF0885F00A48466 /* Home.storyboard in Resources */ = {isa = PBXBuildFile; fileRef = 38B56DBF1FF0885F00A48466 /* Home.storyboard */; };
		38B56DC31FF088A300A48466 /* Live.storyboard in Resources */ = {isa = PBXBuildFile; fileRef = 38B56DC21FF088A300A48466 /* Live.storyboard */; };
		38B56DC61FF088CF00A48466 /* Follow.storyboard in Resources */ = {isa = PBXBuildFile; fileRef = 38B56DC41FF088CF00A48466 /* Follow.storyboard */; };
		38B56DC81FF088E900A48466 /* Profile.storyboard in Resources */ = {isa = PBXBuildFile; fileRef = 38B56DC71FF088E900A48466 /* Profile.storyboard */; };
		38B56DE81FF0C14A00A48466 /* Default-568h@2x.png in Resources */ = {isa = PBXBuildFile; fileRef = 38B56DE71FF0C14900A48466 /* Default-568h@2x.png */; };
		38D669081FF07F150090014D /* AppDelegate.swift in Sources */ = {isa = PBXBuildFile; fileRef = 38D669071FF07F150090014D /* AppDelegate.swift */; };
		38D6690D1FF07F150090014D /* Main.storyboard in Resources */ = {isa = PBXBuildFile; fileRef = 38D6690B1FF07F150090014D /* Main.storyboard */; };
		38D6690F1FF07F150090014D /* Assets.xcassets in Resources */ = {isa = PBXBuildFile; fileRef = 38D6690E1FF07F150090014D /* Assets.xcassets */; };
/* End PBXBuildFile section */

/* Begin PBXFileReference section */
		38B56DC01FF0885F00A48466 /* Base */ = {isa = PBXFileReference; lastKnownFileType = file.storyboard; name = Base; path = MyLive/Base.lproj/Home.storyboard; sourceTree = "<group>"; };
		38B56DC21FF088A300A48466 /* Live.storyboard */ = {isa = PBXFileReference; fileEncoding = 4; lastKnownFileType = file.storyboard; path = Live.storyboard; sourceTree = "<group>"; };
		38B56DC51FF088CF00A48466 /* Base */ = {isa = PBXFileReference; lastKnownFileType = file.storyboard; name = Base; path = MyLive/Base.lproj/Follow.storyboard; sourceTree = "<group>"; };
		38B56DC71FF088E900A48466 /* Profile.storyboard */ = {isa = PBXFileReference; fileEncoding = 4; lastKnownFileType = file.storyboard; path = Profile.storyboard; sourceTree = "<group>"; };
		38B56DE71FF0C14900A48466 /* Default-568h@2x.png */ = {isa = PBXFileReference; lastKnownFileType = image.png; name = "Default-568h@2x.png"; path = "../../../../Resource/launch/Default-568h@2x.png"; sourceTree = "<group>"; };
		38D669041FF07F150090014D /* MyLive.app */ = {isa = PBXFileReference; explicitFileType = wrapper.application; includeInIndex = 0; path = MyLive.app; sourceTree = BUILT_PRODUCTS_DIR; };
		38D669071FF07F150090014D /* AppDelegate.swift */ = {isa = PBXFileReference; lastKnownFileType = sourcecode.swift; path = AppDelegate.swift; sourceTree = "<group>"; };
		38D6690C1FF07F150090014D /* Base */ = {isa = PBXFileReference; lastKnownFileType = file.storyboard; name = Base; path = Base.lproj/Main.storyboard; sourceTree = "<group>"; };
		38D6690E1FF07F150090014D /* Assets.xcassets */ = {isa = PBXFileReference; lastKnownFileType = folder.assetcatalog; path = Assets.xcassets; sourceTree = "<group>"; };
		38D669131FF07F150090014D /* Info.plist */ = {isa = PBXFileReference; lastKnownFileType = text.plist.xml; path = Info.plist; sourceTree = "<group>"; };
/* End PBXFileReference section */

/* Begin PBXFrameworksBuildPhase section */
		38D669011FF07F150090014D /* Frameworks */ = {
			isa = PBXFrameworksBuildPhase;
			buildActionMask = 2147483647;
			files = (
			);
			runOnlyForDeploymentPostprocessing = 0;
		};
/* End PBXFrameworksBuildPhase section */

/* Begin PBXGroup section */
		38D668FB1FF07F150090014D = {
			isa = PBXGroup;
			children = (
				38D669061FF07F150090014D /* MyLive */,
				38D669051FF07F150090014D /* Products */,
			);
			sourceTree = "<group>";
		};
		38D669051FF07F150090014D /* Products */ = {
			isa = PBXGroup;
			children = (
				38D669041FF07F150090014D /* MyLive.app */,
			);
			name = Products;
			sourceTree = "<group>";
		};
		38D669061FF07F150090014D /* MyLive */ = {
			isa = PBXGroup;
			children = (
				38D669191FF080F80090014D /* Classes */,
				38D6690B1FF07F150090014D /* Main.storyboard */,
				38D6690E1FF07F150090014D /* Assets.xcassets */,
				38B56DE71FF0C14900A48466 /* Default-568h@2x.png */,
				38D669131FF07F150090014D /* Info.plist */,
			);
			path = MyLive;
			sourceTree = "<group>";
		};
		38D669191FF080F80090014D /* Classes */ = {
			isa = PBXGroup;
			children = (
				38D6691D1FF080F80090014D /* Main */,
				38D6691B1FF080F80090014D /* Home */,
				38D6691C1FF080F80090014D /* Live */,
				38D6691A1FF080F80090014D /* Follow */,
				38D6691E1FF080F80090014D /* Profile */,
				38D6691F1FF080F80090014D /* Tools */,
			);
			path = Classes;
			sourceTree = "<group>";
		};
		38D6691A1FF080F80090014D /* Follow */ = {
			isa = PBXGroup;
			children = (
				38B56DC41FF088CF00A48466 /* Follow.storyboard */,
			);
			path = Follow;
			sourceTree = "<group>";
		};
		38D6691B1FF080F80090014D /* Home */ = {
			isa = PBXGroup;
			children = (
				38B56DBF1FF0885F00A48466 /* Home.storyboard */,
			);
			path = Home;
			sourceTree = "<group>";
		};
		38D6691C1FF080F80090014D /* Live */ = {
			isa = PBXGroup;
			children = (
				38B56DC21FF088A300A48466 /* Live.storyboard */,
			);
			path = Live;
			sourceTree = "<group>";
		};
		38D6691D1FF080F80090014D /* Main */ = {
			isa = PBXGroup;
			children = (
				38D669071FF07F150090014D /* AppDelegate.swift */,
			);
			path = Main;
			sourceTree = "<group>";
		};
		38D6691E1FF080F80090014D /* Profile */ = {
			isa = PBXGroup;
			children = (
				38B56DC71FF088E900A48466 /* Profile.storyboard */,
			);
			path = Profile;
			sourceTree = "<group>";
		};
		38D6691F1FF080F80090014D /* Tools */ = {
			isa = PBXGroup;
			children = (
			);
			path = Tools;
			sourceTree = "<group>";
		};
/* End PBXGroup section */

/* Begin PBXNativeTarget section */
		38D669031FF07F150090014D /* MyLive */ = {
			isa = PBXNativeTarget;
			buildConfigurationList = 38D669161FF07F150090014D /* Build configuration list for PBXNativeTarget "MyLive" */;
			buildPhases = (
				38D669001FF07F150090014D /* Sources */,
				38D669011FF07F150090014D /* Frameworks */,
				38D669021FF07F150090014D /* Resources */,
			);
			buildRules = (
			);
			dependencies = (
			);
			name = MyLive;
			productName = MyLive;
			productReference = 38D669041FF07F150090014D /* MyLive.app */;
			productType = "com.apple.product-type.application";
		};
/* End PBXNativeTarget section */

/* Begin PBXProject section */
		38D668FC1FF07F150090014D /* Project object */ = {
			isa = PBXProject;
			attributes = {
				LastSwiftUpdateCheck = 0910;
				LastUpgradeCheck = 0910;
				ORGANIZATIONNAME = "jinxi he";
				TargetAttributes = {
					38D669031FF07F150090014D = {
						CreatedOnToolsVersion = 9.1;
						ProvisioningStyle = Automatic;
					};
				};
			};
			buildConfigurationList = 38D668FF1FF07F150090014D /* Build configuration list for PBXProject "MyLive" */;
			compatibilityVersion = "Xcode 8.0";
			developmentRegion = en;
			hasScannedForEncodings = 0;
			knownRegions = (
				en,
				Base,
			);
			mainGroup = 38D668FB1FF07F150090014D;
			productRefGroup = 38D669051FF07F150090014D /* Products */;
			projectDirPath = "";
			projectRoot = "";
			targets = (
				38D669031FF07F150090014D /* MyLive */,
			);
		};
/* End PBXProject section */

/* Begin PBXResourcesBuildPhase section */
		38D669021FF07F150090014D /* Resources */ = {
			isa = PBXResourcesBuildPhase;
			buildActionMask = 2147483647;
			files = (
				38B56DC81FF088E900A48466 /* Profile.storyboard in Resources */,
				38B56DC61FF088CF00A48466 /* Follow.storyboard in Resources */,
				38B56DC11FF0885F00A48466 /* Home.storyboard in Resources */,
				38D6690F1FF07F150090014D /* Assets.xcassets in Resources */,
				38B56DC31FF088A300A48466 /* Live.storyboard in Resources */,
				38B56DE81FF0C14A00A48466 /* Default-568h@2x.png in Resources */,
				38D6690D1FF07F150090014D /* Main.storyboard in Resources */,
			);
			runOnlyForDeploymentPostprocessing = 0;
		};
/* End PBXResourcesBuildPhase section */

/* Begin PBXSourcesBuildPhase section */
		38D669001FF07F150090014D /* Sources */ = {
			isa = PBXSourcesBuildPhase;
			buildActionMask = 2147483647;
			files = (
				38D669081FF07F150090014D /* AppDelegate.swift in Sources */,
			);
			runOnlyForDeploymentPostprocessing = 0;
		};
/* End PBXSourcesBuildPhase section */

/* Begin PBXVariantGroup section */
		38B56DBF1FF0885F00A48466 /* Home.storyboard */ = {
			isa = PBXVariantGroup;
			children = (
				38B56DC01FF0885F00A48466 /* Base */,
			);
			name = Home.storyboard;
			sourceTree = "<group>";
		};
		38B56DC41FF088CF00A48466 /* Follow.storyboard */ = {
			isa = PBXVariantGroup;
			children = (
				38B56DC51FF088CF00A48466 /* Base */,
			);
			name = Follow.storyboard;
			sourceTree = "<group>";
		};
		38D6690B1FF07F150090014D /* Main.storyboard */ = {
			isa = PBXVariantGroup;
			children = (
				38D6690C1FF07F150090014D /* Base */,
			);
			name = Main.storyboard;
			sourceTree = "<group>";
		};
/* End PBXVariantGroup section */

/* Begin XCBuildConfiguration section */
		38D669141FF07F150090014D /* Debug */ = {
			isa = XCBuildConfiguration;
			buildSettings = {
				ALWAYS_SEARCH_USER_PATHS = NO;
				CLANG_ANALYZER_NONNULL = YES;
				CLANG_ANALYZER_NUMBER_OBJECT_CONVERSION = YES_AGGRESSIVE;
				CLANG_CXX_LANGUAGE_STANDARD = "gnu++14";
				CLANG_CXX_LIBRARY = "libc++";
				CLANG_ENABLE_MODULES = YES;
				CLANG_ENABLE_OBJC_ARC = YES;
				CLANG_WARN_BLOCK_CAPTURE_AUTORELEASING = YES;
				CLANG_WARN_BOOL_CONVERSION = YES;
				CLANG_WARN_COMMA = YES;
				CLANG_WARN_CONSTANT_CONVERSION = YES;
				CLANG_WARN_DIRECT_OBJC_ISA_USAGE = YES_ERROR;
				CLANG_WARN_DOCUMENTATION_COMMENTS = YES;
				CLANG_WARN_EMPTY_BODY = YES;
				CLANG_WARN_ENUM_CONVERSION = YES;
				CLANG_WARN_INFINITE_RECURSION = YES;
				CLANG_WARN_INT_CONVERSION = YES;
				CLANG_WARN_NON_LITERAL_NULL_CONVERSION = YES;
				CLANG_WARN_OBJC_LITERAL_CONVERSION = YES;
				CLANG_WARN_OBJC_ROOT_CLASS = YES_ERROR;
				CLANG_WARN_RANGE_LOOP_ANALYSIS = YES;
				CLANG_WARN_STRICT_PROTOTYPES = YES;
				CLANG_WARN_SUSPICIOUS_MOVE = YES;
				CLANG_WARN_UNGUARDED_AVAILABILITY = YES_AGGRESSIVE;
				CLANG_WARN_UNREACHABLE_CODE = YES;
				CLANG_WARN__DUPLICATE_METHOD_MATCH = YES;
				CODE_SIGN_IDENTITY = "iPhone Developer";
				COPY_PHASE_STRIP = NO;
				DEBUG_INFORMATION_FORMAT = dwarf;
				ENABLE_STRICT_OBJC_MSGSEND = YES;
				ENABLE_TESTABILITY = YES;
				GCC_C_LANGUAGE_STANDARD = gnu11;
				GCC_DYNAMIC_NO_PIC = NO;
				GCC_NO_COMMON_BLOCKS = YES;
				GCC_OPTIMIZATION_LEVEL = 0;
				GCC_PREPROCESSOR_DEFINITIONS = (
					"DEBUG=1",
					"$(inherited)",
				);
				GCC_WARN_64_TO_32_BIT_CONVERSION = YES;
				GCC_WARN_ABOUT_RETURN_TYPE = YES_ERROR;
				GCC_WARN_UNDECLARED_SELECTOR = YES;
				GCC_WARN_UNINITIALIZED_AUTOS = YES_AGGRESSIVE;
				GCC_WARN_UNUSED_FUNCTION = YES;
				GCC_WARN_UNUSED_VARIABLE = YES;
				IPHONEOS_DEPLOYMENT_TARGET = 11.1;
				MTL_ENABLE_DEBUG_INFO = YES;
				ONLY_ACTIVE_ARCH = YES;
				SDKROOT = iphoneos;
				SWIFT_ACTIVE_COMPILATION_CONDITIONS = DEBUG;
				SWIFT_OPTIMIZATION_LEVEL = "-Onone";
			};
			name = Debug;
		};
		38D669151FF07F150090014D /* Release */ = {
			isa = XCBuildConfiguration;
			buildSettings = {
				ALWAYS_SEARCH_USER_PATHS = NO;
				CLANG_ANALYZER_NONNULL = YES;
				CLANG_ANALYZER_NUMBER_OBJECT_CONVERSION = YES_AGGRESSIVE;
				CLANG_CXX_LANGUAGE_STANDARD = "gnu++14";
				CLANG_CXX_LIBRARY = "libc++";
				CLANG_ENABLE_MODULES = YES;
				CLANG_ENABLE_OBJC_ARC = YES;
				CLANG_WARN_BLOCK_CAPTURE_AUTORELEASING = YES;
				CLANG_WARN_BOOL_CONVERSION = YES;
				CLANG_WARN_COMMA = YES;
				CLANG_WARN_CONSTANT_CONVERSION = YES;
				CLANG_WARN_DIRECT_OBJC_ISA_USAGE = YES_ERROR;
				CLANG_WARN_DOCUMENTATION_COMMENTS = YES;
				CLANG_WARN_EMPTY_BODY = YES;
				CLANG_WARN_ENUM_CONVERSION = YES;
				CLANG_WARN_INFINITE_RECURSION = YES;
				CLANG_WARN_INT_CONVERSION = YES;
				CLANG_WARN_NON_LITERAL_NULL_CONVERSION = YES;
				CLANG_WARN_OBJC_LITERAL_CONVERSION = YES;
				CLANG_WARN_OBJC_ROOT_CLASS = YES_ERROR;
				CLANG_WARN_RANGE_LOOP_ANALYSIS = YES;
				CLANG_WARN_STRICT_PROTOTYPES = YES;
				CLANG_WARN_SUSPICIOUS_MOVE = YES;
				CLANG_WARN_UNGUARDED_AVAILABILITY = YES_AGGRESSIVE;
				CLANG_WARN_UNREACHABLE_CODE = YES;
				CLANG_WARN__DUPLICATE_METHOD_MATCH = YES;
				CODE_SIGN_IDENTITY = "iPhone Developer";
				COPY_PHASE_STRIP = NO;
				DEBUG_INFORMATION_FORMAT = "dwarf-with-dsym";
				ENABLE_NS_ASSERTIONS = NO;
				ENABLE_STRICT_OBJC_MSGSEND = YES;
				GCC_C_LANGUAGE_STANDARD = gnu11;
				GCC_NO_COMMON_BLOCKS = YES;
				GCC_WARN_64_TO_32_BIT_CONVERSION = YES;
				GCC_WARN_ABOUT_RETURN_TYPE = YES_ERROR;
				GCC_WARN_UNDECLARED_SELECTOR = YES;
				GCC_WARN_UNINITIALIZED_AUTOS = YES_AGGRESSIVE;
				GCC_WARN_UNUSED_FUNCTION = YES;
				GCC_WARN_UNUSED_VARIABLE = YES;
				IPHONEOS_DEPLOYMENT_TARGET = 11.1;
				MTL_ENABLE_DEBUG_INFO = NO;
				SDKROOT = iphoneos;
				SWIFT_OPTIMIZATION_LEVEL = "-Owholemodule";
				VALIDATE_PRODUCT = YES;
			};
			name = Release;
		};
		38D669171FF07F150090014D /* Debug */ = {
			isa = XCBuildConfiguration;
			buildSettings = {
				ASSETCATALOG_COMPILER_APPICON_NAME = AppIcon;
				CODE_SIGN_STYLE = Automatic;
				DEVELOPMENT_TEAM = QMR294B4GR;
				INFOPLIST_FILE = MyLive/Info.plist;
				IPHONEOS_DEPLOYMENT_TARGET = 8.0;
				LD_RUNPATH_SEARCH_PATHS = "$(inherited) @executable_path/Frameworks";
				PRODUCT_BUNDLE_IDENTIFIER = hejinxi.MyLive;
				PRODUCT_NAME = "$(TARGET_NAME)";
				SWIFT_VERSION = 4.0;
				TARGETED_DEVICE_FAMILY = 1;
			};
			name = Debug;
		};
		38D669181FF07F150090014D /* Release */ = {
			isa = XCBuildConfiguration;
			buildSettings = {
				ASSETCATALOG_COMPILER_APPICON_NAME = AppIcon;
				CODE_SIGN_STYLE = Automatic;
				DEVELOPMENT_TEAM = QMR294B4GR;
				INFOPLIST_FILE = MyLive/Info.plist;
				IPHONEOS_DEPLOYMENT_TARGET = 8.0;
				LD_RUNPATH_SEARCH_PATHS = "$(inherited) @executable_path/Frameworks";
				PRODUCT_BUNDLE_IDENTIFIER = hejinxi.MyLive;
				PRODUCT_NAME = "$(TARGET_NAME)";
				SWIFT_VERSION = 4.0;
				TARGETED_DEVICE_FAMILY = 1;
			};
			name = Release;
		};
/* End XCBuildConfiguration section */

/* Begin XCConfigurationList section */
		38D668FF1FF07F150090014D /* Build configuration list for PBXProject "MyLive" */ = {
			isa = XCConfigurationList;
			buildConfigurations = (
				38D669141FF07F150090014D /* Debug */,
				38D669151FF07F150090014D /* Release */,
			);
			defaultConfigurationIsVisible = 0;
			defaultConfigurationName = Release;
		};
		38D669161FF07F150090014D /* Build configuration list for PBXNativeTarget "MyLive" */ = {
			isa = XCConfigurationList;
			buildConfigurations = (
				38D669171FF07F150090014D /* Debug */,
				38D669181FF07F150090014D /* Release */,
			);
			defaultConfigurationIsVisible = 0;
			defaultConfigurationName = Release;
		};
/* End XCConfigurationList section */
	};
	rootObject = 38D668FC1FF07F150090014D /* Project object */;
}
